
Microsoft Visual Studio Solution File, Format Version 12.00
# Visual Studio Version 17
VisualStudioVersion = 17.0.31903.59
MinimumVisualStudioVersion = 10.0.40219.1
Project("{FAE04EC0-301F-11D3-BF4B-00C04F79EFBC}") = "AutoTest.Core", "src\AutoTest.Core\AutoTest.Core.csproj", "{21D48F5C-3D73-45C3-9137-67CCDD43D673}"
EndProject
Project("{FAE04EC0-301F-11D3-BF4B-00C04F79EFBC}") = "AutoTest.Runner", "runner\AutoTest.Runner\AutoTest.Runner.csproj", "{7695EC70-EA47-4457-8A14-E961A2F7D2DC}"
EndProject
Project("{2150E333-8FDC-42A3-9474-1A3956D46DE8}") = "src", "src", "{827E0CD3-B72D-47B6-A68D-7590B98EB39B}"
EndProject
Project("{FAE04EC0-301F-11D3-BF4B-00C04F79EFBC}") = "AutoTest.Abstractions", "src\AutoTest.Abstractions\AutoTest.Abstractions.csproj", "{4954D23C-40CC-4D25-B46C-0BE9845A687F}"
EndProject
Project("{FAE04EC0-301F-11D3-BF4B-00C04F79EFBC}") = "AutoTest.Http", "src\AutoTest.Http\AutoTest.Http.csproj", "{5244C2BF-88C0-40C1-98D9-13C74921ECBF}"
EndProject
Project("{FAE04EC0-301F-11D3-BF4B-00C04F79EFBC}") = "AutoTest.PostgreSql", "src\AutoTest.PostgreSql\AutoTest.PostgreSql.csproj", "{AB90FAD3-3931-4ADC-A805-F49472E6B3B9}"
EndProject
Project("{FAE04EC0-301F-11D3-BF4B-00C04F79EFBC}") = "AutoTest.Mqtt", "src\AutoTest.Mqtt\AutoTest.Mqtt.csproj", "{1A123F13-C884-44CF-BBBF-B3E78F25AA06}"
EndProject
Project("{FAE04EC0-301F-11D3-BF4B-00C04F79EFBC}") = "AutoTest.Reporting.Html", "src\AutoTest.Reporting.Html\AutoTest.Reporting.Html.csproj", "{708A713D-91C8-4558-BBFE-9D5A7731B527}"
EndProject
Project("{2150E333-8FDC-42A3-9474-1A3956D46DE8}") = "tests", "tests", "{0AB3BF05-4346-4AA6-1389-037BE0695223}"
EndProject
Project("{FAE04EC0-301F-11D3-BF4B-00C04F79EFBC}") = "AutoTest.FrameworkTests", "tests\AutoTest.FrameworkTests\AutoTest.FrameworkTests.csproj", "{2E3AA5CD-508D-416E-B7A2-0A79D84D3290}"
EndProject
Project("{FAE04EC0-301F-11D3-BF4B-00C04F79EFBC}") = "AutoTest.TestValidation", "src\AutoTest.TestValidation\AutoTest.TestValidation.csproj", "{22A8D3EA-6620-4656-B4D9-0BD28B27102C}"
EndProject
Global
	GlobalSection(SolutionConfigurationPlatforms) = preSolution
		Debug|Any CPU = Debug|Any CPU
		Debug|x64 = Debug|x64
		Debug|x86 = Debug|x86
		Release|Any CPU = Release|Any CPU
		Release|x64 = Release|x64
		Release|x86 = Release|x86
	EndGlobalSection
	GlobalSection(ProjectConfigurationPlatforms) = postSolution
		{21D48F5C-3D73-45C3-9137-67CCDD43D673}.Debug|Any CPU.ActiveCfg = Debug|Any CPU
		{21D48F5C-3D73-45C3-9137-67CCDD43D673}.Debug|Any CPU.Build.0 = Debug|Any CPU
		{21D48F5C-3D73-45C3-9137-67CCDD43D673}.Debug|x64.ActiveCfg = Debug|Any CPU
		{21D48F5C-3D73-45C3-9137-67CCDD43D673}.Debug|x64.Build.0 = Debug|Any CPU
		{21D48F5C-3D73-45C3-9137-67CCDD43D673}.Debug|x86.ActiveCfg = Debug|Any CPU
		{21D48F5C-3D73-45C3-9137-67CCDD43D673}.Debug|x86.Build.0 = Debug|Any CPU
		{21D48F5C-3D73-45C3-9137-67CCDD43D673}.Release|Any CPU.ActiveCfg = Release|Any CPU
		{21D48F5C-3D73-45C3-9137-67CCDD43D673}.Release|Any CPU.Build.0 = Release|Any CPU
		{21D48F5C-3D73-45C3-9137-67CCDD43D673}.Release|x64.ActiveCfg = Release|Any CPU
		{21D48F5C-3D73-45C3-9137-67CCDD43D673}.Release|x64.Build.0 = Release|Any CPU
		{21D48F5C-3D73-45C3-9137-67CCDD43D673}.Release|x86.ActiveCfg = Release|Any CPU
		{21D48F5C-3D73-45C3-9137-67CCDD43D673}.Release|x86.Build.0 = Release|Any CPU
		{7695EC70-EA47-4457-8A14-E961A2F7D2DC}.Debug|Any CPU.ActiveCfg = Debug|Any CPU
		{7695EC70-EA47-4457-8A14-E961A2F7D2DC}.Debug|Any CPU.Build.0 = Debug|Any CPU
		{7695EC70-EA47-4457-8A14-E961A2F7D2DC}.Debug|x64.ActiveCfg = Debug|Any CPU
		{7695EC70-EA47-4457-8A14-E961A2F7D2DC}.Debug|x64.Build.0 = Debug|Any CPU
		{7695EC70-EA47-4457-8A14-E961A2F7D2DC}.Debug|x86.ActiveCfg = Debug|Any CPU
		{7695EC70-EA47-4457-8A14-E961A2F7D2DC}.Debug|x86.Build.0 = Debug|Any CPU
		{7695EC70-EA47-4457-8A14-E961A2F7D2DC}.Release|Any CPU.ActiveCfg = Release|Any CPU
		{7695EC70-EA47-4457-8A14-E961A2F7D2DC}.Release|Any CPU.Build.0 = Release|Any CPU
		{7695EC70-EA47-4457-8A14-E961A2F7D2DC}.Release|x64.ActiveCfg = Release|Any CPU
		{7695EC70-EA47-4457-8A14-E961A2F7D2DC}.Release|x64.Build.0 = Release|Any CPU
		{7695EC70-EA47-4457-8A14-E961A2F7D2DC}.Release|x86.ActiveCfg = Release|Any CPU
		{7695EC70-EA47-4457-8A14-E961A2F7D2DC}.Release|x86.Build.0 = Release|Any CPU
		{4954D23C-40CC-4D25-B46C-0BE9845A687F}.Debug|Any CPU.ActiveCfg = Debug|Any CPU
		{4954D23C-40CC-4D25-B46C-0BE9845A687F}.Debug|Any CPU.Build.0 = Debug|Any CPU
		{4954D23C-40CC-4D25-B46C-0BE9845A687F}.Debug|x64.ActiveCfg = Debug|Any CPU
		{4954D23C-40CC-4D25-B46C-0BE9845A687F}.Debug|x64.Build.0 = Debug|Any CPU
		{4954D23C-40CC-4D25-B46C-0BE9845A687F}.Debug|x86.ActiveCfg = Debug|Any CPU
		{4954D23C-40CC-4D25-B46C-0BE9845A687F}.Debug|x86.Build.0 = Debug|Any CPU
		{4954D23C-40CC-4D25-B46C-0BE9845A687F}.Release|Any CPU.ActiveCfg = Release|Any CPU
		{4954D23C-40CC-4D25-B46C-0BE9845A687F}.Release|Any CPU.Build.0 = Release|Any CPU
		{4954D23C-40CC-4D25-B46C-0BE9845A687F}.Release|x64.ActiveCfg = Release|Any CPU
		{4954D23C-40CC-4D25-B46C-0BE9845A687F}.Release|x64.Build.0 = Release|Any CPU
		{4954D23C-40CC-4D25-B46C-0BE9845A687F}.Release|x86.ActiveCfg = Release|Any CPU
		{4954D23C-40CC-4D25-B46C-0BE9845A687F}.Release|x86.Build.0 = Release|Any CPU
		{5244C2BF-88C0-40C1-98D9-13C74921ECBF}.Debug|Any CPU.ActiveCfg = Debug|Any CPU
		{5244C2BF-88C0-40C1-98D9-13C74921ECBF}.Debug|Any CPU.Build.0 = Debug|Any CPU
		{5244C2BF-88C0-40C1-98D9-13C74921ECBF}.Debug|x64.ActiveCfg = Debug|Any CPU
		{5244C2BF-88C0-40C1-98D9-13C74921ECBF}.Debug|x64.Build.0 = Debug|Any CPU
		{5244C2BF-88C0-40C1-98D9-13C74921ECBF}.Debug|x86.ActiveCfg = Debug|Any CPU
		{5244C2BF-88C0-40C1-98D9-13C74921ECBF}.Debug|x86.Build.0 = Debug|Any CPU
		{5244C2BF-88C0-40C1-98D9-13C74921ECBF}.Release|Any CPU.ActiveCfg = Release|Any CPU
		{5244C2BF-88C0-40C1-98D9-13C74921ECBF}.Release|Any CPU.Build.0 = Release|Any CPU
		{5244C2BF-88C0-40C1-98D9-13C74921ECBF}.Release|x64.ActiveCfg = Release|Any CPU
		{5244C2BF-88C0-40C1-98D9-13C74921ECBF}.Release|x64.Build.0 = Release|Any CPU
		{5244C2BF-88C0-40C1-98D9-13C74921ECBF}.Release|x86.ActiveCfg = Release|Any CPU
		{5244C2BF-88C0-40C1-98D9-13C74921ECBF}.Release|x86.Build.0 = Release|Any CPU
		{AB90FAD3-3931-4ADC-A805-F49472E6B3B9}.Debug|Any CPU.ActiveCfg = Debug|Any CPU
		{AB90FAD3-3931-4ADC-A805-F49472E6B3B9}.Debug|Any CPU.Build.0 = Debug|Any CPU
		{AB90FAD3-3931-4ADC-A805-F49472E6B3B9}.Debug|x64.ActiveCfg = Debug|Any CPU
		{AB90FAD3-3931-4ADC-A805-F49472E6B3B9}.Debug|x64.Build.0 = Debug|Any CPU
		{AB90FAD3-3931-4ADC-A805-F49472E6B3B9}.Debug|x86.ActiveCfg = Debug|Any CPU
		{AB90FAD3-3931-4ADC-A805-F49472E6B3B9}.Debug|x86.Build.0 = Debug|Any CPU
		{AB90FAD3-3931-4ADC-A805-F49472E6B3B9}.Release|Any CPU.ActiveCfg = Release|Any CPU
		{AB90FAD3-3931-4ADC-A805-F49472E6B3B9}.Release|Any CPU.Build.0 = Release|Any CPU
		{AB90FAD3-3931-4ADC-A805-F49472E6B3B9}.Release|x64.ActiveCfg = Release|Any CPU
		{AB90FAD3-3931-4ADC-A805-F49472E6B3B9}.Release|x64.Build.0 = Release|Any CPU
		{AB90FAD3-3931-4ADC-A805-F49472E6B3B9}.Release|x86.ActiveCfg = Release|Any CPU
		{AB90FAD3-3931-4ADC-A805-F49472E6B3B9}.Release|x86.Build.0 = Release|Any CPU
		{1A123F13-C884-44CF-BBBF-B3E78F25AA06}.Debug|Any CPU.ActiveCfg = Debug|Any CPU
		{1A123F13-C884-44CF-BBBF-B3E78F25AA06}.Debug|Any CPU.Build.0 = Debug|Any CPU
		{1A123F13-C884-44CF-BBBF-B3E78F25AA06}.Debug|x64.ActiveCfg = Debug|Any CPU
		{1A123F13-C884-44CF-BBBF-B3E78F25AA06}.Debug|x64.Build.0 = Debug|Any CPU
		{1A123F13-C884-44CF-BBBF-B3E78F25AA06}.Debug|x86.ActiveCfg = Debug|Any CPU
		{1A123F13-C884-44CF-BBBF-B3E78F25AA06}.Debug|x86.Build.0 = Debug|Any CPU
		{1A123F13-C884-44CF-BBBF-B3E78F25AA06}.Release|Any CPU.ActiveCfg = Release|Any CPU
		{1A123F13-C884-44CF-BBBF-B3E78F25AA06}.Release|Any CPU.Build.0 = Release|Any CPU
		{1A123F13-C884-44CF-BBBF-B3E78F25AA06}.Release|x64.ActiveCfg = Release|Any CPU
		{1A123F13-C884-44CF-BBBF-B3E78F25AA06}.Release|x64.Build.0 = Release|Any CPU
		{1A123F13-C884-44CF-BBBF-B3E78F25AA06}.Release|x86.ActiveCfg = Release|Any CPU
		{1A123F13-C884-44CF-BBBF-B3E78F25AA06}.Release|x86.Build.0 = Release|Any CPU
		{708A713D-91C8-4558-BBFE-9D5A7731B527}.Debug|Any CPU.ActiveCfg = Debug|Any CPU
		{708A713D-91C8-4558-BBFE-9D5A7731B527}.Debug|Any CPU.Build.0 = Debug|Any CPU
		{708A713D-91C8-4558-BBFE-9D5A7731B527}.Debug|x64.ActiveCfg = Debug|Any CPU
		{708A713D-91C8-4558-BBFE-9D5A7731B527}.Debug|x64.Build.0 = Debug|Any CPU
		{708A713D-91C8-4558-BBFE-9D5A7731B527}.Debug|x86.ActiveCfg = Debug|Any CPU
		{708A713D-91C8-4558-BBFE-9D5A7731B527}.Debug|x86.Build.0 = Debug|Any CPU
		{708A713D-91C8-4558-BBFE-9D5A7731B527}.Release|Any CPU.ActiveCfg = Release|Any CPU
		{708A713D-91C8-4558-BBFE-9D5A7731B527}.Release|Any CPU.Build.0 = Release|Any CPU
		{708A713D-91C8-4558-BBFE-9D5A7731B527}.Release|x64.ActiveCfg = Release|Any CPU
		{708A713D-91C8-4558-BBFE-9D5A7731B527}.Release|x64.Build.0 = Release|Any CPU
		{708A713D-91C8-4558-BBFE-9D5A7731B527}.Release|x86.ActiveCfg = Release|Any CPU
		{708A713D-91C8-4558-BBFE-9D5A7731B527}.Release|x86.Build.0 = Release|Any CPU
		{2E3AA5CD-508D-416E-B7A2-0A79D84D3290}.Debug|Any CPU.ActiveCfg = Debug|Any CPU
		{2E3AA5CD-508D-416E-B7A2-0A79D84D3290}.Debug|Any CPU.Build.0 = Debug|Any CPU
		{2E3AA5CD-508D-416E-B7A2-0A79D84D3290}.Debug|x64.ActiveCfg = Debug|Any CPU
		{2E3AA5CD-508D-416E-B7A2-0A79D84D3290}.Debug|x64.Build.0 = Debug|Any CPU
		{2E3AA5CD-508D-416E-B7A2-0A79D84D3290}.Debug|x86.ActiveCfg = Debug|Any CPU
		{2E3AA5CD-508D-416E-B7A2-0A79D84D3290}.Debug|x86.Build.0 = Debug|Any CPU
		{2E3AA5CD-508D-416E-B7A2-0A79D84D3290}.Release|Any CPU.ActiveCfg = Release|Any CPU
		{2E3AA5CD-508D-416E-B7A2-0A79D84D3290}.Release|Any CPU.Build.0 = Release|Any CPU
		{2E3AA5CD-508D-416E-B7A2-0A79D84D3290}.Release|x64.ActiveCfg = Release|Any CPU
		{2E3AA5CD-508D-416E-B7A2-0A79D84D3290}.Release|x64.Build.0 = Release|Any CPU
		{2E3AA5CD-508D-416E-B7A2-0A79D84D3290}.Release|x86.ActiveCfg = Release|Any CPU
		{2E3AA5CD-508D-416E-B7A2-0A79D84D3290}.Release|x86.Build.0 = Release|Any CPU
		{22A8D3EA-6620-4656-B4D9-0BD28B27102C}.Debug|Any CPU.ActiveCfg = Debug|Any CPU
		{22A8D3EA-6620-4656-B4D9-0BD28B27102C}.Debug|Any CPU.Build.0 = Debug|Any CPU
		{22A8D3EA-6620-4656-B4D9-0BD28B27102C}.Debug|x64.ActiveCfg = Debug|Any CPU
		{22A8D3EA-6620-4656-B4D9-0BD28B27102C}.Debug|x64.Build.0 = Debug|Any CPU
		{22A8D3EA-6620-4656-B4D9-0BD28B27102C}.Debug|x86.ActiveCfg = Debug|Any CPU
		{22A8D3EA-6620-4656-B4D9-0BD28B27102C}.Debug|x86.Build.0 = Debug|Any CPU
		{22A8D3EA-6620-4656-B4D9-0BD28B27102C}.Release|Any CPU.ActiveCfg = Release|Any CPU
		{22A8D3EA-6620-4656-B4D9-0BD28B27102C}.Release|Any CPU.Build.0 = Release|Any CPU
		{22A8D3EA-6620-4656-B4D9-0BD28B27102C}.Release|x64.ActiveCfg = Release|Any CPU
		{22A8D3EA-6620-4656-B4D9-0BD28B27102C}.Release|x64.Build.0 = Release|Any CPU
		{22A8D3EA-6620-4656-B4D9-0BD28B27102C}.Release|x86.ActiveCfg = Release|Any CPU
		{22A8D3EA-6620-4656-B4D9-0BD28B27102C}.Release|x86.Build.0 = Release|Any CPU
	EndGlobalSection
	GlobalSection(SolutionProperties) = preSolution
		HideSolutionNode = FALSE
	EndGlobalSection
	GlobalSection(NestedProjects) = preSolution
		{4954D23C-40CC-4D25-B46C-0BE9845A687F} = {827E0CD3-B72D-47B6-A68D-7590B98EB39B}
		{5244C2BF-88C0-40C1-98D9-13C74921ECBF} = {827E0CD3-B72D-47B6-A68D-7590B98EB39B}
		{AB90FAD3-3931-4ADC-A805-F49472E6B3B9} = {827E0CD3-B72D-47B6-A68D-7590B98EB39B}
		{1A123F13-C884-44CF-BBBF-B3E78F25AA06} = {827E0CD3-B72D-47B6-A68D-7590B98EB39B}
		{708A713D-91C8-4558-BBFE-9D5A7731B527} = {827E0CD3-B72D-47B6-A68D-7590B98EB39B}
		{2E3AA5CD-508D-416E-B7A2-0A79D84D3290} = {0AB3BF05-4346-4AA6-1389-037BE0695223}
		{22A8D3EA-6620-4656-B4D9-0BD28B27102C} = {827E0CD3-B72D-47B6-A68D-7590B98EB39B}
	EndGlobalSection
EndGlobal
